sha256:73c853c3d44e1f693e5a96a986f1bd19d3d0dac2c7d453e796177774bc4e5f6a  acl-2.4.0.tar.gz
sha256:e7f11216722ef8b17dcf0186d6be1739be634bbe73312b16a025aa53c08c3d7a  AOMediaCodec-libavif-v1.4.2-0-gc5240fc.tar.gz
sha256:ca9c1820810a168786f8048a4c3f8c9e3fd941407ad1553259fb2e30b5f057bf  apcu.tgz
sha256:d42fa374513180bb48cb11a46696f488240e5124ff1e6ad88b0abff706985612  attr-2.6.0.tar.gz
sha256:ab5a03176ee106d3f0fa90e381da478ddae405918153cca248e682cd0c4a2269  bzip2-1.0.8.tar.gz
sha256:c222b6d681096f9444d2c4863d2c1174019e27cacca0a4a5c114d36dd7d7bf78  c-ares-1.34.8.tar.gz
sha256:f7ef3ae8a22e521f289803fe93543eb64c329b58aa73a9e224dfd915a2a5f4f7  curl-8.22.0.tar.xz
sha256:7098217c78e6deb6ab92bc7b469e3d016ae82185bb2ff6cb2b7531ae4ef34e43  e-dant-watcher-release-0.14.5-0-g06f84a1.tar.gz
sha256:61ff6ee5a66e531da2bea3ae58b27f82f4d518f3a68800d6e213b4e451e8de98  Esri-lerc-v4.2.0-0-ge534980.tar.gz
sha256:9fab1f8653d40249bd433ad2c3ca02431f9a5ab06d50f988c8ec53fc6a846eef  ext-zip.tgz
git:4d73494bd2b46533defe20eddf3567f0ec2fedef  ext-zstd
sha256:1cc149d9dce64e02f92713a777588d0551a8334d63c3d3e73e955269dc57a89a  freetype-freetype-VER-2-14-3-0-g0a0221a.tar.gz
sha256:71132a3fb71e68245b8f2ac4e9e97137d3e5c02f415636eb508ae607bc01add7  gettext-1.0.tar.xz
sha256:a3c2b80201b89e68616f4ad30bc66aee4927c3ce50e33929ca819d5c43538898  gmp-6.3.0.tar.xz
sha256:e6a7327f851b2798f228f6a0cf8cceb67e5ff11f7b01c07430c8bdfb33edc01c  GNOME-libxml2-v2.15.4-0-g9649899.tar.gz
sha256:eb5f7dadf215d0670665fd81566e1fe2dfdc154d983f09142de7299df4c182e6  google-brotli-v1.2.0-0-g028fb5a.tar.gz
sha256:588e431f77327c39031ffbb8843c0e3bc122c211374485fa87dc5f3faff24061  icu4c-77_1-src.tgz
sha256:91da821443db125282a6aea039f24588dd28ff5d71e8187f6ecc41165bceafbc  igbinary.tgz
sha256:543d858075a00050b185ed7d543ffb8f42f5f990d621b7571dee4f9c7185760e  ImageMagick-ImageMagick-7.1.2-31-0-gfb965f1.tar.gz
sha256:3a3587c0a524c17d0dad9673a160b90cd776e836838474e173b549ed864352ee  imagick.tgz
sha256:de7106b6bfaf495d6865c7dd7ac6ca1381bd12e0d81405ea81e7f2167263d932  jbigkit-2.1.tar.gz
sha256:3243ffbc8ea4d4ac22ddc7dd2a1dc54c57874c40648b60ff97009763554eaf13  krb5-1.22.2.tar.gz
git:32345ff4d7f39b0d36149192b0fd8906ee7cb17f  libaom
sha256:554228bd17788c99a7e63b37ab5634722190e6e2bf60c1dcb01cef328e133905  libde265-1.1.3.tar.gz
sha256:432d5e7ea8b0116dd39f2eca7bc11d0eed77faa6b77ea526ace89907c23ea4a0  libedit-20260512-3.1.tar.gz
sha256:7da3e2d9a171eb0a038f592ecad3ff2bb2550f3496d87b3b29ad0cf4430c0db4  libffi-3.8.0.tar.gz
sha256:d0c02b4b0e978f34a1974b6f3eea7975a537bf7a9195ffeea38e7242ff316fdd  libheif-1.23.4.tar.gz
sha256:88dd96a8c0464eca144fc791ae60cd31cd8ee78321e67397e25fc095c4a19aa6  libiconv-1.19.tar.gz
sha256:f557911bf6171621e1f72ff35f5b1825bb35b52ed45325dcdee931e5d3c0787a  libidn2-2.3.8.tar.gz
sha256:d31968b44f4bf962948a97232459e03658806f608e06ca25e72c72b42347b02c  libjpeg-turbo-libjpeg-turbo-3.2.0-0-gc85e6b9.tar.gz
git:3368fd00461a179ecae9c010ba3de1405c0780d6  libjxl
sha256:adbdd8f16149e81ac6078a03aca6fc03b592b89ef7b5ed83841c086191be3349  libsodium-1.0.22.tar.gz
sha256:d9ec76cbe34db98eec3539fe2c899d26b0c837cb3eb466a56b0f109cabf658f7  libssh2-1.11.1.tar.gz
sha256:e82664b170064e62331962126b259d452d53b227bb4a93ab20040d846fec01d8  libunistring-1.4.2.tar.gz
sha256:9acfe68419c4d06a45c550321b3212762d92f41465062ca4ea19e632ee5d216e  libxslt-1.1.45.tar.xz
sha256:8a247f57d1e3e6f6d11413b12a6f28a9d388de110adc0ec608d893180ed7097b  libzip-1.11.4.tar.xz
sha256:537512904744b35e232912055ccf8ec66d768639ff3abe5788d90d792ec5f48b  lz4-1.10.0.tar.gz
git:fb6d497b6f4cf138ee3851a30c905d64b7b19aed  micro
sha256:c8ab77daa7dcadbf5d598957fa93fdb2ab5c553d2168f77b8d5f1085b4053bda  mongodb-2.1.9.tgz
sha256:e30be355ab79aaea4568692fbd6073fd7c7f50ea8d3cf12edce40fc0c921d868  msgpack.tgz
sha256:355b4cbbed880b0381a04c46617b7656e362585d52e9cf84a67e2009b749ff11  ncurses-6.6.tar.gz
sha256:e05cb1388eaca3830aded4ccf20044b6e1ac1a61411dcca11b0437c4285c8bc2  nghttp2-1.70.0.tar.xz
sha256:aad782c23d3f01bd4bb52c8bac7a553b631ef8115fd1612703df6183449fef19  nghttp3-1.18.0.tar.xz
sha256:2a34d2484ba17847a5d11965704e9dd0fac4c6d8efc75ffe1ec7de66d8c6b6fb  ngtcp2-1.25.0.tar.xz
sha256:2a5cfc5ae259e4e97f86b68dfffc152cdaffe94e2060b770cb827238d769fc05  onig-6.9.10.tar.gz
sha256:253db80f301258ea69cda1184766d57395b836aaabf41157eb0316eb0fac1341  openldap-2.7.1.tgz
sha256:9bffaa1ad1e07b354c21bd3324ec02fa15579f45a7d0494b3e74bc449b7333ef  openssl-3.6.4.tar.gz
sha256:198a7b37da0658d36a93d158a0ec179b137b3a4d241c90a6650ae9ee8f91ec4a  pdo_sqlsrv.tgz
sha256:88b8f6962b8f0b4091d1019e032435e0d9afb7a820f78fd107acdb2a8c890e03  php-frankenphp-caddy-v1.12.7-0-ga765b08.tar.gz
sha256:8393329b62c79b9e50df0a8a068a67f1c525493fcd3940ac48e08fe9062ac71a  pkg-config-aarch64-linux-musl-1.2.5.txz
sha256:b8e4225d72bb1e96d1b184bbd84ff13668f4b1d6c0594d09d0b10cd65cc0ae32  pkg-config-x86_64-linux-musl-1.2.5.txz
sha256:6052d0d9f03cb9bf611133b10e0ef211687e13f9f629a63af44c9960659f0e3f  pnggroup-libpng-v1.6.58-0-g3061454.tar.gz
sha256:bd580ed5cd2db7ba409c5d430fe7932886e070613ffdc43e044e0ef44938f80a  postgres-postgres-REL_18_6-0-g724edf9.tar.gz
git:a56775d9730fbc793d012092270367eb2284da07  qdbm
sha256:0d5141f634bd1db6c1ddcda053d25ecf2c4fc1c395430d534fd3f8d51dd7f0b5  redis.tgz
sha256:bc9067442eedf3dd39989b5c5cfbfff37ae66cc9c99274e0c3052dc4d4a8f6ae  sqlite-autoconf-3450200.tar.gz
sha256:1c3092ca793bb67002ca022c412aacabb79a3297ee7005e3b7cc91b1e7166d22  sqlsrv.tgz
sha256:4996f0c4f93094719b1ca5c6279b20e588773ba8a247533e486416fb662ddb88  tiff-4.7.2.tar.xz
sha256:f210501445ce21bf607ba51ef8c125e10e22dffdffec377646462df5f01915ec  unixODBC-2.3.12.tar.gz
sha256:48c7b41fc22d53c5a8dd969fd0c5b302987a654df8c9f0e7e353c896703ff81c  webmproject-libwebp-v1.6.0-0-g4fa2191.tar.gz
sha256:f073de91bea046106abf4d6071c963ea71e58571df6ce58948ceca89d121cb2d  xdebug-3.5.3.tgz
sha256:4ce24038fd4221e0d13bc1a2de7a4db56e90b92b3bf75321f6c14be73f65de4b  xz-5.8.4.tar.xz
sha256:ea4b09bfb22ec6f6c6ceac57ab63efb6b46e17ab08d21f69f3a48b38e1534f17  zig-aarch64-linux-0.16.0.tar.xz
sha256:70e49664a74374b48b51e6f3fdfbf437f6395d42509050588bd49abe52ba3d00  zig-x86_64-linux-0.16.0.tar.xz
sha256:bb329a0a2cd0274d05519d61c667c062e06990d72e125ee2dfa8de64f0119d16  zlib-1.3.2.tar.gz
sha256:eb33e51f49a15e023950cd7825ca74a4a2b43db8354825ac24fc1b7ee09e6fa3  zstd-1.5.7.tar.gz
